
Microsoft Visual Studio Solution File, Format Version 12.00
# Visual Studio Version 17
VisualStudioVersion = 17.7.34221.43
MinimumVisualStudioVersion = 10.0.40219.1
Project("{9A19103F-16F7-4668-BE54-9A1E7A4F7556}") = "SysProg_OOP_HW003_WebShortCuts_r00", "SysProg_OOP_HW003_WebShortCuts_r00.csproj", "{AB4B87EB-ABED-4B1B-A788-47E0C19C94BB}"
EndProject
Project("{FAE04EC0-301F-11D3-BF4B-00C04F79EFBC}") = "WinFormsApp", "..\WinFormsApp\WinFormsApp.csproj", "{05069DE1-3479-4978-AE5F-C4A347110A76}"
EndProject
Global
	GlobalSection(SolutionConfigurationPlatforms) = preSolution
		Debug|Any CPU = Debug|Any CPU
		Release|Any CPU = Release|Any CPU
	EndGlobalSection
	GlobalSection(ProjectConfigurationPlatforms) = postSolution
		{AB4B87EB-ABED-4B1B-A788-47E0C19C94BB}.Debug|Any CPU.ActiveCfg = Debug|Any CPU
		{AB4B87EB-ABED-4B1B-A788-47E0C19C94BB}.Debug|Any CPU.Build.0 = Debug|Any CPU
		{AB4B87EB-ABED-4B1B-A788-47E0C19C94BB}.Release|Any CPU.ActiveCfg = Release|Any CPU
		{AB4B87EB-ABED-4B1B-A788-47E0C19C94BB}.Release|Any CPU.Build.0 = Release|Any CPU
		{05069DE1-3479-4978-AE5F-C4A347110A76}.Debug|Any CPU.ActiveCfg = Debug|Any CPU
		{05069DE1-3479-4978-AE5F-C4A347110A76}.Debug|Any CPU.Build.0 = Debug|Any CPU
		{05069DE1-3479-4978-AE5F-C4A347110A76}.Release|Any CPU.ActiveCfg = Release|Any CPU
		{05069DE1-3479-4978-AE5F-C4A347110A76}.Release|Any CPU.Build.0 = Release|Any CPU
	EndGlobalSection
	GlobalSection(SolutionProperties) = preSolution
		HideSolutionNode = FALSE
	EndGlobalSection
	GlobalSection(ExtensibilityGlobals) = postSolution
		SolutionGuid = {766FB7B4-1BC9-4A70-9DD6-4D0A4E36B801}
	EndGlobalSection
EndGlobal
